
Microsoft Visual Studio Solution File, Format Version 12.00
# Visual Studio Version 17
VisualStudioVersion = 17.10.35027.167
MinimumVisualStudioVersion = 10.0.40219.1
Project("{9A19103F-16F7-4668-BE54-9A1E7A4F7556}") = "TaskApp", "TaskApp\TaskApp.csproj", "{8D614039-C0F2-49E0-A6BE-9C06A7E56A6A}"
	ProjectSection(ProjectDependencies) = postProject
		{4063E012-B7AA-4969-A38E-05D9B81BF39E} = {4063E012-B7AA-4969-A38E-05D9B81BF39E}
		{54D6F5DF-D3BE-4487-8B14-1921F0AB654A} = {54D6F5DF-D3BE-4487-8B14-1921F0AB654A}
		{92497331-EFED-4D3D-B35E-FDBD01853545} = {92497331-EFED-4D3D-B35E-FDBD01853545}
	EndProjectSection
EndProject
Project("{9A19103F-16F7-4668-BE54-9A1E7A4F7556}") = "Data", "Data\Data.csproj", "{4063E012-B7AA-4969-A38E-05D9B81BF39E}"
	ProjectSection(ProjectDependencies) = postProject
		{54D6F5DF-D3BE-4487-8B14-1921F0AB654A} = {54D6F5DF-D3BE-4487-8B14-1921F0AB654A}
	EndProjectSection
EndProject
Project("{9A19103F-16F7-4668-BE54-9A1E7A4F7556}") = "Models", "Models\Models.csproj", "{54D6F5DF-D3BE-4487-8B14-1921F0AB654A}"
EndProject
Project("{9A19103F-16F7-4668-BE54-9A1E7A4F7556}") = "Repositories", "Repository\Repositories.csproj", "{92497331-EFED-4D3D-B35E-FDBD01853545}"
	ProjectSection(ProjectDependencies) = postProject
		{4063E012-B7AA-4969-A38E-05D9B81BF39E} = {4063E012-B7AA-4969-A38E-05D9B81BF39E}
		{54D6F5DF-D3BE-4487-8B14-1921F0AB654A} = {54D6F5DF-D3BE-4487-8B14-1921F0AB654A}
	EndProjectSection
EndProject
Project("{FAE04EC0-301F-11D3-BF4B-00C04F79EFBC}") = "TaskApp_Web", "TaskApp_Web\TaskApp_Web.csproj", "{9E7EFA87-459A-4179-8605-EDA6B4AD79DB}"
	ProjectSection(ProjectDependencies) = postProject
		{4063E012-B7AA-4969-A38E-05D9B81BF39E} = {4063E012-B7AA-4969-A38E-05D9B81BF39E}
		{54D6F5DF-D3BE-4487-8B14-1921F0AB654A} = {54D6F5DF-D3BE-4487-8B14-1921F0AB654A}
		{8D614039-C0F2-49E0-A6BE-9C06A7E56A6A} = {8D614039-C0F2-49E0-A6BE-9C06A7E56A6A}
		{92497331-EFED-4D3D-B35E-FDBD01853545} = {92497331-EFED-4D3D-B35E-FDBD01853545}
	EndProjectSection
EndProject
Global
	GlobalSection(SolutionConfigurationPlatforms) = preSolution
		Debug|Any CPU = Debug|Any CPU
		Release|Any CPU = Release|Any CPU
	EndGlobalSection
	GlobalSection(ProjectConfigurationPlatforms) = postSolution
		{8D614039-C0F2-49E0-A6BE-9C06A7E56A6A}.Debug|Any CPU.ActiveCfg = Debug|Any CPU
		{8D614039-C0F2-49E0-A6BE-9C06A7E56A6A}.Debug|Any CPU.Build.0 = Debug|Any CPU
		{8D614039-C0F2-49E0-A6BE-9C06A7E56A6A}.Release|Any CPU.ActiveCfg = Release|Any CPU
		{8D614039-C0F2-49E0-A6BE-9C06A7E56A6A}.Release|Any CPU.Build.0 = Release|Any CPU
		{4063E012-B7AA-4969-A38E-05D9B81BF39E}.Debug|Any CPU.ActiveCfg = Debug|Any CPU
		{4063E012-B7AA-4969-A38E-05D9B81BF39E}.Debug|Any CPU.Build.0 = Debug|Any CPU
		{4063E012-B7AA-4969-A38E-05D9B81BF39E}.Release|Any CPU.ActiveCfg = Release|Any CPU
		{4063E012-B7AA-4969-A38E-05D9B81BF39E}.Release|Any CPU.Build.0 = Release|Any CPU
		{54D6F5DF-D3BE-4487-8B14-1921F0AB654A}.Debug|Any CPU.ActiveCfg = Debug|Any CPU
		{54D6F5DF-D3BE-4487-8B14-1921F0AB654A}.Debug|Any CPU.Build.0 = Debug|Any CPU
		{54D6F5DF-D3BE-4487-8B14-1921F0AB654A}.Release|Any CPU.ActiveCfg = Release|Any CPU
		{54D6F5DF-D3BE-4487-8B14-1921F0AB654A}.Release|Any CPU.Build.0 = Release|Any CPU
		{92497331-EFED-4D3D-B35E-FDBD01853545}.Debug|Any CPU.ActiveCfg = Debug|Any CPU
		{92497331-EFED-4D3D-B35E-FDBD01853545}.Debug|Any CPU.Build.0 = Debug|Any CPU
		{92497331-EFED-4D3D-B35E-FDBD01853545}.Release|Any CPU.ActiveCfg = Release|Any CPU
		{92497331-EFED-4D3D-B35E-FDBD01853545}.Release|Any CPU.Build.0 = Release|Any CPU
		{9E7EFA87-459A-4179-8605-EDA6B4AD79DB}.Debug|Any CPU.ActiveCfg = Debug|Any CPU
		{9E7EFA87-459A-4179-8605-EDA6B4AD79DB}.Debug|Any CPU.Build.0 = Debug|Any CPU
		{9E7EFA87-459A-4179-8605-EDA6B4AD79DB}.Release|Any CPU.ActiveCfg = Release|Any CPU
		{9E7EFA87-459A-4179-8605-EDA6B4AD79DB}.Release|Any CPU.Build.0 = Release|Any CPU
	EndGlobalSection
	GlobalSection(SolutionProperties) = preSolution
		HideSolutionNode = FALSE
	EndGlobalSection
	GlobalSection(ExtensibilityGlobals) = postSolution
		SolutionGuid = {4B26FC24-A37E-443D-8953-75BD086BFC47}
	EndGlobalSection
EndGlobal
